
Microsoft Visual Studio Solution File, Format Version 12.00
# Visual Studio Version 17
VisualStudioVersion = 17.7.34024.191
MinimumVisualStudioVersion = 10.0.40219.1
Project("{FAE04EC0-301F-11D3-BF4B-00C04F79EFBC}") = "LootBoxOddsCalculator", "LootBoxOddsCalculator\LootBoxOddsCalculator.csproj", "{CE5D0603-BEF4-4336-B561-02A05E05A6A8}"
EndProject
Global
	GlobalSection(SolutionConfigurationPlatforms) = preSolution
		Debug|Any CPU = Debug|Any CPU
		Release|Any CPU = Release|Any CPU
	EndGlobalSection
	GlobalSection(ProjectConfigurationPlatforms) = postSolution
		{CE5D0603-BEF4-4336-B561-02A05E05A6A8}.Debug|Any CPU.ActiveCfg = Debug|Any CPU
		{CE5D0603-BEF4-4336-B561-02A05E05A6A8}.Debug|Any CPU.Build.0 = Debug|Any CPU
		{CE5D0603-BEF4-4336-B561-02A05E05A6A8}.Release|Any CPU.ActiveCfg = Release|Any CPU
		{CE5D0603-BEF4-4336-B561-02A05E05A6A8}.Release|Any CPU.Build.0 = Release|Any CPU
	EndGlobalSection
	GlobalSection(SolutionProperties) = preSolution
		HideSolutionNode = FALSE
	EndGlobalSection
	GlobalSection(ExtensibilityGlobals) = postSolution
		SolutionGuid = {D3480EB3-B26C-4426-ACC1-47DB573228B0}
	EndGlobalSection
EndGlobal
